
Microsoft Visual Studio Solution File, Format Version 12.00
# Visual Studio Version 16
VisualStudioVersion = 16.0.31613.86
MinimumVisualStudioVersion = 10.0.40219.1
Project("{FAE04EC0-301F-11D3-BF4B-00C04F79EFBC}") = "ITexusTaskOne", "ITexusTaskOne\ITexusTaskOne.csproj", "{43B7D793-35F8-4B51-A025-27B33F8B99AF}"
EndProject
Global
	GlobalSection(SolutionConfigurationPlatforms) = preSolution
		Debug|Any CPU = Debug|Any CPU
		Release|Any CPU = Release|Any CPU
	EndGlobalSection
	GlobalSection(ProjectConfigurationPlatforms) = postSolution
		{43B7D793-35F8-4B51-A025-27B33F8B99AF}.Debug|Any CPU.ActiveCfg = Debug|Any CPU
		{43B7D793-35F8-4B51-A025-27B33F8B99AF}.Debug|Any CPU.Build.0 = Debug|Any CPU
		{43B7D793-35F8-4B51-A025-27B33F8B99AF}.Release|Any CPU.ActiveCfg = Release|Any CPU
		{43B7D793-35F8-4B51-A025-27B33F8B99AF}.Release|Any CPU.Build.0 = Release|Any CPU
	EndGlobalSection
	GlobalSection(SolutionProperties) = preSolution
		HideSolutionNode = FALSE
	EndGlobalSection
	GlobalSection(ExtensibilityGlobals) = postSolution
		SolutionGuid = {3D30BCF0-CD1B-474C-AC90-45B32EADADE3}
	EndGlobalSection
EndGlobal
